// !$*UTF8*$!
{
	archiveVersion = 1;
	classes = {
	};
	objectVersion = 56;
	objects = {

/* Begin PBXBuildFile section */
		BF142FAB2C2E9F1B0001DDB4 /* FirebaseAuth in Frameworks */ = {isa = PBXBuildFile; productRef = BF142FAA2C2E9F1B0001DDB4 /* FirebaseAuth */; };
		BF142FAD2C2E9F1B0001DDB4 /* FirebaseFirestore in Frameworks */ = {isa = PBXBuildFile; productRef = BF142FAC2C2E9F1B0001DDB4 /* FirebaseFirestore */; };
		BF142FAF2C2E9F1B0001DDB4 /* FirebaseFirestoreSwift in Frameworks */ = {isa = PBXBuildFile; productRef = BF142FAE2C2E9F1B0001DDB4 /* FirebaseFirestoreSwift */; };
		BF142FB12C2EA0AB0001DDB4 /* GoogleService-Info.plist in Resources */ = {isa = PBXBuildFile; fileRef = BF142FB02C2EA0AB0001DDB4 /* GoogleService-Info.plist */; };
		BF142FB72C2EB2730001DDB4 /* MainView.swift in Sources */ = {isa = PBXBuildFile; fileRef = BF142FB62C2EB2730001DDB4 /* MainView.swift */; };
		BF142FB92C2EB3010001DDB4 /* ProfileView.swift in Sources */ = {isa = PBXBuildFile; fileRef = BF142FB82C2EB3010001DDB4 /* ProfileView.swift */; };
		BF142FBB2C2EB32C0001DDB4 /* ToDoListItemView.swift in Sources */ = {isa = PBXBuildFile; fileRef = BF142FBA2C2EB32C0001DDB4 /* ToDoListItemView.swift */; };
		BF142FBD2C2EB3400001DDB4 /* NewItemView.swift in Sources */ = {isa = PBXBuildFile; fileRef = BF142FBC2C2EB3400001DDB4 /* NewItemView.swift */; };
		BF142FBF2C2EB34C0001DDB4 /* LoginView.swift in Sources */ = {isa = PBXBuildFile; fileRef = BF142FBE2C2EB34C0001DDB4 /* LoginView.swift */; };
		BF142FC12C2EB35A0001DDB4 /* RegisterView.swift in Sources */ = {isa = PBXBuildFile; fileRef = BF142FC02C2EB35A0001DDB4 /* RegisterView.swift */; };
		BF142FC32C2EB3820001DDB4 /* ToDoListView.swift in Sources */ = {isa = PBXBuildFile; fileRef = BF142FC22C2EB3820001DDB4 /* ToDoListView.swift */; };
		BF142FC52C2EB3B00001DDB4 /* User.swift in Sources */ = {isa = PBXBuildFile; fileRef = BF142FC42C2EB3B00001DDB4 /* User.swift */; };
		BF142FC72C2EB3C40001DDB4 /* ToDoListItem.swift in Sources */ = {isa = PBXBuildFile; fileRef = BF142FC62C2EB3C40001DDB4 /* ToDoListItem.swift */; };
		BF142FC92C2EB4250001DDB4 /* MainViewViewModel.swift in Sources */ = {isa = PBXBuildFile; fileRef = BF142FC82C2EB4250001DDB4 /* MainViewViewModel.swift */; };
		BF142FCB2C2EB4370001DDB4 /* ProfileViewViewModel.swift in Sources */ = {isa = PBXBuildFile; fileRef = BF142FCA2C2EB4370001DDB4 /* ProfileViewViewModel.swift */; };
		BF142FCD2C2EB4550001DDB4 /* ToDoListItemViewViewModel.swift in Sources */ = {isa = PBXBuildFile; fileRef = BF142FCC2C2EB4550001DDB4 /* ToDoListItemViewViewModel.swift */; };
		BF142FCF2C2EB4640001DDB4 /* NewItemViewViewModel.swift in Sources */ = {isa = PBXBuildFile; fileRef = BF142FCE2C2EB4640001DDB4 /* NewItemViewViewModel.swift */; };
		BF142FD12C2EB4700001DDB4 /* LoginViewViewModel.swift in Sources */ = {isa = PBXBuildFile; fileRef = BF142FD02C2EB46F0001DDB4 /* LoginViewViewModel.swift */; };
		BF142FD32C2EB47C0001DDB4 /* RegisterViewViewModel.swift in Sources */ = {isa = PBXBuildFile; fileRef = BF142FD22C2EB47C0001DDB4 /* RegisterViewViewModel.swift */; };
		BF142FD52C2EB4900001DDB4 /* TodoListViewViewModel.swift in Sources */ = {isa = PBXBuildFile; fileRef = BF142FD42C2EB4900001DDB4 /* TodoListViewViewModel.swift */; };
		BF142FD92C2EB7F20001DDB4 /* HeaderView.swift in Sources */ = {isa = PBXBuildFile; fileRef = BF142FD82C2EB7F20001DDB4 /* HeaderView.swift */; };
		BF142FDB2C2ED7CD0001DDB4 /* TDLButtton.swift in Sources */ = {isa = PBXBuildFile; fileRef = BF142FDA2C2ED7CD0001DDB4 /* TDLButtton.swift */; };
		BF6ED55E2C2E76FF00C60961 /* ToDOListApp.swift in Sources */ = {isa = PBXBuildFile; fileRef = BF6ED55D2C2E76FF00C60961 /* ToDOListApp.swift */; };
		BF6ED5622C2E770100C60961 /* Assets.xcassets in Resources */ = {isa = PBXBuildFile; fileRef = BF6ED5612C2E770100C60961 /* Assets.xcassets */; };
		BF6ED5652C2E770100C60961 /* Preview Assets.xcassets in Resources */ = {isa = PBXBuildFile; fileRef = BF6ED5642C2E770100C60961 /* Preview Assets.xcassets */; };
		BF7C0AFC2C33D02800C17915 /* extention.swift in Sources */ = {isa = PBXBuildFile; fileRef = BF7C0AFB2C33D02800C17915 /* extention.swift */; };
/* End PBXBuildFile section */

/* Begin PBXFileReference section */
		BF142FB02C2EA0AB0001DDB4 /* GoogleService-Info.plist */ = {isa = PBXFileReference; fileEncoding = 4; lastKnownFileType = text.plist.xml; path = "GoogleService-Info.plist"; sourceTree = "<group>"; };
		BF142FB62C2EB2730001DDB4 /* MainView.swift */ = {isa = PBXFileReference; lastKnownFileType = sourcecode.swift; path = MainView.swift; sourceTree = "<group>"; };
		BF142FB82C2EB3010001DDB4 /* ProfileView.swift */ = {isa = PBXFileReference; lastKnownFileType = sourcecode.swift; path = ProfileView.swift; sourceTree = "<group>"; };
		BF142FBA2C2EB32C0001DDB4 /* ToDoListItemView.swift */ = {isa = PBXFileReference; lastKnownFileType = sourcecode.swift; path = ToDoListItemView.swift; sourceTree = "<group>"; };
		BF142FBC2C2EB3400001DDB4 /* NewItemView.swift */ = {isa = PBXFileReference; lastKnownFileType = sourcecode.swift; path = NewItemView.swift; sourceTree = "<group>"; };
		BF142FBE2C2EB34C0001DDB4 /* LoginView.swift */ = {isa = PBXFileReference; lastKnownFileType = sourcecode.swift; path = LoginView.swift; sourceTree = "<group>"; };
		BF142FC02C2EB35A0001DDB4 /* RegisterView.swift */ = {isa = PBXFileReference; lastKnownFileType = sourcecode.swift; path = RegisterView.swift; sourceTree = "<group>"; };
		BF142FC22C2EB3820001DDB4 /* ToDoListView.swift */ = {isa = PBXFileReference; lastKnownFileType = sourcecode.swift; path = ToDoListView.swift; sourceTree = "<group>"; };
		BF142FC42C2EB3B00001DDB4 /* User.swift */ = {isa = PBXFileReference; lastKnownFileType = sourcecode.swift; path = User.swift; sourceTree = "<group>"; };
		BF142FC62C2EB3C40001DDB4 /* ToDoListItem.swift */ = {isa = PBXFileReference; lastKnownFileType = sourcecode.swift; path = ToDoListItem.swift; sourceTree = "<group>"; };
		BF142FC82C2EB4250001DDB4 /* MainViewViewModel.swift */ = {isa = PBXFileReference; lastKnownFileType = sourcecode.swift; path = MainViewViewModel.swift; sourceTree = "<group>"; };
		BF142FCA2C2EB4370001DDB4 /* ProfileViewViewModel.swift */ = {isa = PBXFileReference; lastKnownFileType = sourcecode.swift; path = ProfileViewViewModel.swift; sourceTree = "<group>"; };
		BF142FCC2C2EB4550001DDB4 /* ToDoListItemViewViewModel.swift */ = {isa = PBXFileReference; lastKnownFileType = sourcecode.swift; path = ToDoListItemViewViewModel.swift; sourceTree = "<group>"; };
		BF142FCE2C2EB4640001DDB4 /* NewItemViewViewModel.swift */ = {isa = PBXFileReference; lastKnownFileType = sourcecode.swift; path = NewItemViewViewModel.swift; sourceTree = "<group>"; };
		BF142FD02C2EB46F0001DDB4 /* LoginViewViewModel.swift */ = {isa = PBXFileReference; lastKnownFileType = sourcecode.swift; path = LoginViewViewModel.swift; sourceTree = "<group>"; };
		BF142FD22C2EB47C0001DDB4 /* RegisterViewViewModel.swift */ = {isa = PBXFileReference; lastKnownFileType = sourcecode.swift; path = RegisterViewViewModel.swift; sourceTree = "<group>"; };
		BF142FD42C2EB4900001DDB4 /* TodoListViewViewModel.swift */ = {isa = PBXFileReference; lastKnownFileType = sourcecode.swift; path = TodoListViewViewModel.swift; sourceTree = "<group>"; };
		BF142FD82C2EB7F20001DDB4 /* HeaderView.swift */ = {isa = PBXFileReference; lastKnownFileType = sourcecode.swift; path = HeaderView.swift; sourceTree = "<group>"; };
		BF142FDA2C2ED7CD0001DDB4 /* TDLButtton.swift */ = {isa = PBXFileReference; lastKnownFileType = sourcecode.swift; path = TDLButtton.swift; sourceTree = "<group>"; };
		BF6ED55A2C2E76FF00C60961 /* ToDOList.app */ = {isa = PBXFileReference; explicitFileType = wrapper.application; includeInIndex = 0; path = ToDOList.app; sourceTree = BUILT_PRODUCTS_DIR; };
		BF6ED55D2C2E76FF00C60961 /* ToDOListApp.swift */ = {isa = PBXFileReference; lastKnownFileType = sourcecode.swift; path = ToDOListApp.swift; sourceTree = "<group>"; };
		BF6ED5612C2E770100C60961 /* Assets.xcassets */ = {isa = PBXFileReference; lastKnownFileType = folder.assetcatalog; path = Assets.xcassets; sourceTree = "<group>"; };
		BF6ED5642C2E770100C60961 /* Preview Assets.xcassets */ = {isa = PBXFileReference; lastKnownFileType = folder.assetcatalog; path = "Preview Assets.xcassets"; sourceTree = "<group>"; };
		BF7C0AFB2C33D02800C17915 /* extention.swift */ = {isa = PBXFileReference; lastKnownFileType = sourcecode.swift; path = extention.swift; sourceTree = "<group>"; };
/* End PBXFileReference section */

/* Begin PBXFrameworksBuildPhase section */
		BF6ED5572C2E76FF00C60961 /* Frameworks */ = {
			isa = PBXFrameworksBuildPhase;
			buildActionMask = 2147483647;
			files = (
				BF142FAB2C2E9F1B0001DDB4 /* FirebaseAuth in Frameworks */,
				BF142FAD2C2E9F1B0001DDB4 /* FirebaseFirestore in Frameworks */,
				BF142FAF2C2E9F1B0001DDB4 /* FirebaseFirestoreSwift in Frameworks */,
			);
			runOnlyForDeploymentPostprocessing = 0;
		};
/* End PBXFrameworksBuildPhase section */

/* Begin PBXGroup section */
		BF142FB22C2EA2AF0001DDB4 /* Views */ = {
			isa = PBXGroup;
			children = (
				BF142FB62C2EB2730001DDB4 /* MainView.swift */,
				BF142FB82C2EB3010001DDB4 /* ProfileView.swift */,
				BF142FBA2C2EB32C0001DDB4 /* ToDoListItemView.swift */,
				BF142FC22C2EB3820001DDB4 /* ToDoListView.swift */,
				BF142FBC2C2EB3400001DDB4 /* NewItemView.swift */,
				BF142FBE2C2EB34C0001DDB4 /* LoginView.swift */,
				BF142FC02C2EB35A0001DDB4 /* RegisterView.swift */,
				BF142FD82C2EB7F20001DDB4 /* HeaderView.swift */,
				BF142FDA2C2ED7CD0001DDB4 /* TDLButtton.swift */,
			);
			path = Views;
			sourceTree = "<group>";
		};
		BF142FB32C2EA2B80001DDB4 /* ViewModel */ = {
			isa = PBXGroup;
			children = (
				BF142FC82C2EB4250001DDB4 /* MainViewViewModel.swift */,
				BF142FCA2C2EB4370001DDB4 /* ProfileViewViewModel.swift */,
				BF142FCE2C2EB4640001DDB4 /* NewItemViewViewModel.swift */,
				BF142FD02C2EB46F0001DDB4 /* LoginViewViewModel.swift */,
				BF142FD22C2EB47C0001DDB4 /* RegisterViewViewModel.swift */,
				BF142FD42C2EB4900001DDB4 /* TodoListViewViewModel.swift */,
				BF142FCC2C2EB4550001DDB4 /* ToDoListItemViewViewModel.swift */,
			);
			path = ViewModel;
			sourceTree = "<group>";
		};
		BF142FB42C2EA2C10001DDB4 /* Models */ = {
			isa = PBXGroup;
			children = (
				BF142FC42C2EB3B00001DDB4 /* User.swift */,
				BF142FC62C2EB3C40001DDB4 /* ToDoListItem.swift */,
			);
			path = Models;
			sourceTree = "<group>";
		};
		BF142FB52C2EA2DA0001DDB4 /* Other */ = {
			isa = PBXGroup;
			children = (
				BF6ED5612C2E770100C60961 /* Assets.xcassets */,
				BF6ED55D2C2E76FF00C60961 /* ToDOListApp.swift */,
				BF142FB02C2EA0AB0001DDB4 /* GoogleService-Info.plist */,
				BF7C0AFB2C33D02800C17915 /* extention.swift */,
			);
			path = Other;
			sourceTree = "<group>";
		};
		BF6ED5512C2E76FF00C60961 = {
			isa = PBXGroup;
			children = (
				BF6ED55C2C2E76FF00C60961 /* ToDOList */,
				BF6ED55B2C2E76FF00C60961 /* Products */,
			);
			sourceTree = "<group>";
		};
		BF6ED55B2C2E76FF00C60961 /* Products */ = {
			isa = PBXGroup;
			children = (
				BF6ED55A2C2E76FF00C60961 /* ToDOList.app */,
			);
			name = Products;
			sourceTree = "<group>";
		};
		BF6ED55C2C2E76FF00C60961 /* ToDOList */ = {
			isa = PBXGroup;
			children = (
				BF142FB52C2EA2DA0001DDB4 /* Other */,
				BF142FB42C2EA2C10001DDB4 /* Models */,
				BF142FB32C2EA2B80001DDB4 /* ViewModel */,
				BF142FB22C2EA2AF0001DDB4 /* Views */,
				BF6ED5632C2E770100C60961 /* Preview Content */,
			);
			path = ToDOList;
			sourceTree = "<group>";
		};
		BF6ED5632C2E770100C60961 /* Preview Content */ = {
			isa = PBXGroup;
			children = (
				BF6ED5642C2E770100C60961 /* Preview Assets.xcassets */,
			);
			path = "Preview Content";
			sourceTree = "<group>";
		};
/* End PBXGroup section */

/* Begin PBXNativeTarget section */
		BF6ED5592C2E76FF00C60961 /* ToDOList */ = {
			isa = PBXNativeTarget;
			buildConfigurationList = BF6ED5682C2E770100C60961 /* Build configuration list for PBXNativeTarget "ToDOList" */;
			buildPhases = (
				BF6ED5562C2E76FF00C60961 /* Sources */,
				BF6ED5572C2E76FF00C60961 /* Frameworks */,
				BF6ED5582C2E76FF00C60961 /* Resources */,
			);
			buildRules = (
			);
			dependencies = (
			);
			name = ToDOList;
			packageProductDependencies = (
				BF142FAA2C2E9F1B0001DDB4 /* FirebaseAuth */,
				BF142FAC2C2E9F1B0001DDB4 /* FirebaseFirestore */,
				BF142FAE2C2E9F1B0001DDB4 /* FirebaseFirestoreSwift */,
			);
			productName = ToDOList;
			productReference = BF6ED55A2C2E76FF00C60961 /* ToDOList.app */;
			productType = "com.apple.product-type.application";
		};
/* End PBXNativeTarget section */

/* Begin PBXProject section */
		BF6ED5522C2E76FF00C60961 /* Project object */ = {
			isa = PBXProject;
			attributes = {
				BuildIndependentTargetsInParallel = 1;
				LastSwiftUpdateCheck = 1540;
				LastUpgradeCheck = 1540;
				TargetAttributes = {
					BF6ED5592C2E76FF00C60961 = {
						CreatedOnToolsVersion = 15.4;
					};
				};
			};
			buildConfigurationList = BF6ED5552C2E76FF00C60961 /* Build configuration list for PBXProject "ToDOList" */;
			compatibilityVersion = "Xcode 14.0";
			developmentRegion = en;
			hasScannedForEncodings = 0;
			knownRegions = (
				en,
				Base,
			);
			mainGroup = BF6ED5512C2E76FF00C60961;
			packageReferences = (
				BF142FA92C2E9F1B0001DDB4 /* XCRemoteSwiftPackageReference "firebase-ios-sdk" */,
			);
			productRefGroup = BF6ED55B2C2E76FF00C60961 /* Products */;
			projectDirPath = "";
			projectRoot = "";
			targets = (
				BF6ED5592C2E76FF00C60961 /* ToDOList */,
			);
		};
/* End PBXProject section */

/* Begin PBXResourcesBuildPhase section */
		BF6ED5582C2E76FF00C60961 /* Resources */ = {
			isa = PBXResourcesBuildPhase;
			buildActionMask = 2147483647;
			files = (
				BF6ED5652C2E770100C60961 /* Preview Assets.xcassets in Resources */,
				BF6ED5622C2E770100C60961 /* Assets.xcassets in Resources */,
				BF142FB12C2EA0AB0001DDB4 /* GoogleService-Info.plist in Resources */,
			);
			runOnlyForDeploymentPostprocessing = 0;
		};
/* End PBXResourcesBuildPhase section */

/* Begin PBXSourcesBuildPhase section */
		BF6ED5562C2E76FF00C60961 /* Sources */ = {
			isa = PBXSourcesBuildPhase;
			buildActionMask = 2147483647;
			files = (
				BF142FDB2C2ED7CD0001DDB4 /* TDLButtton.swift in Sources */,
				BF142FBF2C2EB34C0001DDB4 /* LoginView.swift in Sources */,
				BF142FD92C2EB7F20001DDB4 /* HeaderView.swift in Sources */,
				BF142FB72C2EB2730001DDB4 /* MainView.swift in Sources */,
				BF142FD32C2EB47C0001DDB4 /* RegisterViewViewModel.swift in Sources */,
				BF142FC92C2EB4250001DDB4 /* MainViewViewModel.swift in Sources */,
				BF142FC32C2EB3820001DDB4 /* ToDoListView.swift in Sources */,
				BF142FBB2C2EB32C0001DDB4 /* ToDoListItemView.swift in Sources */,
				BF142FCB2C2EB4370001DDB4 /* ProfileViewViewModel.swift in Sources */,
				BF142FC12C2EB35A0001DDB4 /* RegisterView.swift in Sources */,
				BF142FC52C2EB3B00001DDB4 /* User.swift in Sources */,
				BF142FB92C2EB3010001DDB4 /* ProfileView.swift in Sources */,
				BF7C0AFC2C33D02800C17915 /* extention.swift in Sources */,
				BF142FCD2C2EB4550001DDB4 /* ToDoListItemViewViewModel.swift in Sources */,
				BF142FD12C2EB4700001DDB4 /* LoginViewViewModel.swift in Sources */,
				BF6ED55E2C2E76FF00C60961 /* ToDOListApp.swift in Sources */,
				BF142FC72C2EB3C40001DDB4 /* ToDoListItem.swift in Sources */,
				BF142FBD2C2EB3400001DDB4 /* NewItemView.swift in Sources */,
				BF142FD52C2EB4900001DDB4 /* TodoListViewViewModel.swift in Sources */,
				BF142FCF2C2EB4640001DDB4 /* NewItemViewViewModel.swift in Sources */,
			);
			runOnlyForDeploymentPostprocessing = 0;
		};
/* End PBXSourcesBuildPhase section */

/* Begin XCBuildConfiguration section */
		BF6ED5662C2E770100C60961 /* Debug */ = {
			isa = XCBuildConfiguration;
			buildSettings = {
				ALWAYS_SEARCH_USER_PATHS = NO;
				ASSETCATALOG_COMPILER_GENERATE_SWIFT_ASSET_SYMBOL_EXTENSIONS = YES;
				CLANG_ANALYZER_NONNULL = YES;
				CLANG_ANALYZER_NUMBER_OBJECT_CONVERSION = YES_AGGRESSIVE;
				CLANG_CXX_LANGUAGE_STANDARD = "gnu++20";
				CLANG_ENABLE_MODULES = YES;
				CLANG_ENABLE_OBJC_ARC = YES;
				CLANG_ENABLE_OBJC_WEAK = YES;
				CLANG_WARN_BLOCK_CAPTURE_AUTORELEASING = YES;
				CLANG_WARN_BOOL_CONVERSION = YES;
				CLANG_WARN_COMMA = YES;
				CLANG_WARN_CONSTANT_CONVERSION = YES;
				CLANG_WARN_DEPRECATED_OBJC_IMPLEMENTATIONS = YES;
				CLANG_WARN_DIRECT_OBJC_ISA_USAGE = YES_ERROR;
				CLANG_WARN_DOCUMENTATION_COMMENTS = YES;
				CLANG_WARN_EMPTY_BODY = YES;
				CLANG_WARN_ENUM_CONVERSION = YES;
				CLANG_WARN_INFINITE_RECURSION = YES;
				CLANG_WARN_INT_CONVERSION = YES;
				CLANG_WARN_NON_LITERAL_NULL_CONVERSION = YES;
				CLANG_WARN_OBJC_IMPLICIT_RETAIN_SELF = YES;
				CLANG_WARN_OBJC_LITERAL_CONVERSION = YES;
				CLANG_WARN_OBJC_ROOT_CLASS = YES_ERROR;
				CLANG_WARN_QUOTED_INCLUDE_IN_FRAMEWORK_HEADER = YES;
				CLANG_WARN_RANGE_LOOP_ANALYSIS = YES;
				CLANG_WARN_STRICT_PROTOTYPES = YES;
				CLANG_WARN_SUSPICIOUS_MOVE = YES;
				CLANG_WARN_UNGUARDED_AVAILABILITY = YES_AGGRESSIVE;
				CLANG_WARN_UNREACHABLE_CODE = YES;
				CLANG_WARN__DUPLICATE_METHOD_MATCH = YES;
				COPY_PHASE_STRIP = NO;
				DEBUG_INFORMATION_FORMAT = dwarf;
				ENABLE_STRICT_OBJC_MSGSEND = YES;
				ENABLE_TESTABILITY = YES;
				ENABLE_USER_SCRIPT_SANDBOXING = YES;
				GCC_C_LANGUAGE_STANDARD = gnu17;
				GCC_DYNAMIC_NO_PIC = NO;
				GCC_NO_COMMON_BLOCKS = YES;
				GCC_OPTIMIZATION_LEVEL = 0;
				GCC_PREPROCESSOR_DEFINITIONS = (
					"DEBUG=1",
					"$(inherited)",
				);
				GCC_WARN_64_TO_32_BIT_CONVERSION = YES;
				GCC_WARN_ABOUT_RETURN_TYPE = YES_ERROR;
				GCC_WARN_UNDECLARED_SELECTOR = YES;
				GCC_WARN_UNINITIALIZED_AUTOS = YES_AGGRESSIVE;
				GCC_WARN_UNUSED_FUNCTION = YES;
				GCC_WARN_UNUSED_VARIABLE = YES;
				IPHONEOS_DEPLOYMENT_TARGET = 17.5;
				LOCALIZATION_PREFERS_STRING_CATALOGS = YES;
				MTL_ENABLE_DEBUG_INFO = INCLUDE_SOURCE;
				MTL_FAST_MATH = YES;
				ONLY_ACTIVE_ARCH = YES;
				SDKROOT = iphoneos;
				SWIFT_ACTIVE_COMPILATION_CONDITIONS = "DEBUG $(inherited)";
				SWIFT_OPTIMIZATION_LEVEL = "-Onone";
			};
			name = Debug;
		};
		BF6ED5672C2E770100C60961 /* Release */ = {
			isa = XCBuildConfiguration;
			buildSettings = {
				ALWAYS_SEARCH_USER_PATHS = NO;
				ASSETCATALOG_COMPILER_GENERATE_SWIFT_ASSET_SYMBOL_EXTENSIONS = YES;
				CLANG_ANALYZER_NONNULL = YES;
				CLANG_ANALYZER_NUMBER_OBJECT_CONVERSION = YES_AGGRESSIVE;
				CLANG_CXX_LANGUAGE_STANDARD = "gnu++20";
				CLANG_ENABLE_MODULES = YES;
				CLANG_ENABLE_OBJC_ARC = YES;
				CLANG_ENABLE_OBJC_WEAK = YES;
				CLANG_WARN_BLOCK_CAPTURE_AUTORELEASING = YES;
				CLANG_WARN_BOOL_CONVERSION = YES;
				CLANG_WARN_COMMA = YES;
				CLANG_WARN_CONSTANT_CONVERSION = YES;
				CLANG_WARN_DEPRECATED_OBJC_IMPLEMENTATIONS = YES;
				CLANG_WARN_DIRECT_OBJC_ISA_USAGE = YES_ERROR;
				CLANG_WARN_DOCUMENTATION_COMMENTS = YES;
				CLANG_WARN_EMPTY_BODY = YES;
				CLANG_WARN_ENUM_CONVERSION = YES;
				CLANG_WARN_INFINITE_RECURSION = YES;
				CLANG_WARN_INT_CONVERSION = YES;
				CLANG_WARN_NON_LITERAL_NULL_CONVERSION = YES;
				CLANG_WARN_OBJC_IMPLICIT_RETAIN_SELF = YES;
				CLANG_WARN_OBJC_LITERAL_CONVERSION = YES;
				CLANG_WARN_OBJC_ROOT_CLASS = YES_ERROR;
				CLANG_WARN_QUOTED_INCLUDE_IN_FRAMEWORK_HEADER = YES;
				CLANG_WARN_RANGE_LOOP_ANALYSIS = YES;
				CLANG_WARN_STRICT_PROTOTYPES = YES;
				CLANG_WARN_SUSPICIOUS_MOVE = YES;
				CLANG_WARN_UNGUARDED_AVAILABILITY = YES_AGGRESSIVE;
				CLANG_WARN_UNREACHABLE_CODE = YES;
				CLANG_WARN__DUPLICATE_METHOD_MATCH = YES;
				COPY_PHASE_STRIP = NO;
				DEBUG_INFORMATION_FORMAT = "dwarf-with-dsym";
				ENABLE_NS_ASSERTIONS = NO;
				ENABLE_STRICT_OBJC_MSGSEND = YES;
				ENABLE_USER_SCRIPT_SANDBOXING = YES;
				GCC_C_LANGUAGE_STANDARD = gnu17;
				GCC_NO_COMMON_BLOCKS = YES;
				GCC_WARN_64_TO_32_BIT_CONVERSION = YES;
				GCC_WARN_ABOUT_RETURN_TYPE = YES_ERROR;
				GCC_WARN_UNDECLARED_SELECTOR = YES;
				GCC_WARN_UNINITIALIZED_AUTOS = YES_AGGRESSIVE;
				GCC_WARN_UNUSED_FUNCTION = YES;
				GCC_WARN_UNUSED_VARIABLE = YES;
				IPHONEOS_DEPLOYMENT_TARGET = 17.5;
				LOCALIZATION_PREFERS_STRING_CATALOGS = YES;
				MTL_ENABLE_DEBUG_INFO = NO;
				MTL_FAST_MATH = YES;
				SDKROOT = iphoneos;
				SWIFT_COMPILATION_MODE = wholemodule;
				VALIDATE_PRODUCT = YES;
			};
			name = Release;
		};
		BF6ED5692C2E770100C60961 /* Debug */ = {
			isa = XCBuildConfiguration;
			buildSettings = {
				ASSETCATALOG_COMPILER_APPICON_NAME = AppIcon;
				ASSETCATALOG_COMPILER_GLOBAL_ACCENT_COLOR_NAME = AccentColor;
				CODE_SIGN_STYLE = Automatic;
				CURRENT_PROJECT_VERSION = 1;
				DEVELOPMENT_ASSET_PATHS = "\"ToDOList/Preview Content\"";
				DEVELOPMENT_TEAM = KPJ5MCVMCU;
				ENABLE_PREVIEWS = YES;
				GENERATE_INFOPLIST_FILE = YES;
				INFOPLIST_KEY_CFBundleDisplayName = "To Do List";
				INFOPLIST_KEY_UIApplicationSceneManifest_Generation = YES;
				INFOPLIST_KEY_UIApplicationSupportsIndirectInputEvents = YES;
				INFOPLIST_KEY_UILaunchScreen_Generation = YES;
				INFOPLIST_KEY_UIRequiresFullScreen = YES;
				INFOPLIST_KEY_UISupportedInterfaceOrientations = UIInterfaceOrientationPortrait;
				LD_RUNPATH_SEARCH_PATHS = (
					"$(inherited)",
					"@executable_path/Frameworks",
				);
				MARKETING_VERSION = 1.0;
				PRODUCT_BUNDLE_IDENTIFIER = com.kasunhasangaapps.ToDOList;
				PRODUCT_NAME = "$(TARGET_NAME)";
				SWIFT_EMIT_LOC_STRINGS = YES;
				SWIFT_VERSION = 5.0;
				TARGETED_DEVICE_FAMILY = "1,2";
			};
			name = Debug;
		};
		BF6ED56A2C2E770100C60961 /* Release */ = {
			isa = XCBuildConfiguration;
			buildSettings = {
				ASSETCATALOG_COMPILER_APPICON_NAME = AppIcon;
				ASSETCATALOG_COMPILER_GLOBAL_ACCENT_COLOR_NAME = AccentColor;
				CODE_SIGN_STYLE = Automatic;
				CURRENT_PROJECT_VERSION = 1;
				DEVELOPMENT_ASSET_PATHS = "\"ToDOList/Preview Content\"";
				DEVELOPMENT_TEAM = KPJ5MCVMCU;
				ENABLE_PREVIEWS = YES;
				GENERATE_INFOPLIST_FILE = YES;
				INFOPLIST_KEY_CFBundleDisplayName = "To Do List";
				INFOPLIST_KEY_UIApplicationSceneManifest_Generation = YES;
				INFOPLIST_KEY_UIApplicationSupportsIndirectInputEvents = YES;
				INFOPLIST_KEY_UILaunchScreen_Generation = YES;
				INFOPLIST_KEY_UIRequiresFullScreen = YES;
				INFOPLIST_KEY_UISupportedInterfaceOrientations = UIInterfaceOrientationPortrait;
				LD_RUNPATH_SEARCH_PATHS = (
					"$(inherited)",
					"@executable_path/Frameworks",
				);
				MARKETING_VERSION = 1.0;
				PRODUCT_BUNDLE_IDENTIFIER = com.kasunhasangaapps.ToDOList;
				PRODUCT_NAME = "$(TARGET_NAME)";
				SWIFT_EMIT_LOC_STRINGS = YES;
				SWIFT_VERSION = 5.0;
				TARGETED_DEVICE_FAMILY = "1,2";
			};
			name = Release;
		};
/* End XCBuildConfiguration section */

/* Begin XCConfigurationList section */
		BF6ED5552C2E76FF00C60961 /* Build configuration list for PBXProject "ToDOList" */ = {
			isa = XCConfigurationList;
			buildConfigurations = (
				BF6ED5662C2E770100C60961 /* Debug */,
				BF6ED5672C2E770100C60961 /* Release */,
			);
			defaultConfigurationIsVisible = 0;
			defaultConfigurationName = Release;
		};
		BF6ED5682C2E770100C60961 /* Build configuration list for PBXNativeTarget "ToDOList" */ = {
			isa = XCConfigurationList;
			buildConfigurations = (
				BF6ED5692C2E770100C60961 /* Debug */,
				BF6ED56A2C2E770100C60961 /* Release */,
			);
			defaultConfigurationIsVisible = 0;
			defaultConfigurationName = Release;
		};
/* End XCConfigurationList section */

/* Begin XCRemoteSwiftPackageReference section */
		BF142FA92C2E9F1B0001DDB4 /* XCRemoteSwiftPackageReference "firebase-ios-sdk" */ = {
			isa = XCRemoteSwiftPackageReference;
			repositoryURL = "https://github.com/firebase/firebase-ios-sdk";
			requirement = {
				kind = upToNextMajorVersion;
				minimumVersion = 10.28.1;
			};
		};
/* End XCRemoteSwiftPackageReference section */

/* Begin XCSwiftPackageProductDependency section */
		BF142FAA2C2E9F1B0001DDB4 /* FirebaseAuth */ = {
			isa = XCSwiftPackageProductDependency;
			package = BF142FA92C2E9F1B0001DDB4 /* XCRemoteSwiftPackageReference "firebase-ios-sdk" */;
			productName = FirebaseAuth;
		};
		BF142FAC2C2E9F1B0001DDB4 /* FirebaseFirestore */ = {
			isa = XCSwiftPackageProductDependency;
			package = BF142FA92C2E9F1B0001DDB4 /* XCRemoteSwiftPackageReference "firebase-ios-sdk" */;
			productName = FirebaseFirestore;
		};
		BF142FAE2C2E9F1B0001DDB4 /* FirebaseFirestoreSwift */ = {
			isa = XCSwiftPackageProductDependency;
			package = BF142FA92C2E9F1B0001DDB4 /* XCRemoteSwiftPackageReference "firebase-ios-sdk" */;
			productName = FirebaseFirestoreSwift;
		};
/* End XCSwiftPackageProductDependency section */
	};
	rootObject = BF6ED5522C2E76FF00C60961 /* Project object */;
}
